# THIS IS AN AUTOGENERATED FILE. DO NOT EDIT THIS FILE DIRECTLY.
# yarn lockfile v1


"@prettier/plugin-ruby@^4.0.4":
  version "4.0.4"
  resolved "https://registry.npmjs.org/@prettier/plugin-ruby/-/plugin-ruby-4.0.4.tgz"
  integrity sha512-lCpvfS/dQU5WrwN3AQ5vR8qrvj2h5gE41X08NNzAAXvHdM4zwwGRcP2sHSxfu6n6No+ljWCVx95NvJPFTTjCTg==

"@rails/ujs@^6.0.0":
  version "6.1.7"
  resolved "https://registry.npmjs.org/@rails/ujs/-/ujs-6.1.7.tgz"
  integrity sha512-0e7WQ4LE/+LEfW2zfAw9ppsB6A8RmxbdAUPAF++UT80epY+7emuQDkKXmaK0a9lp6An50RvzezI0cIQjp1A58w==

prettier@^3.0.0, prettier@^3.3.3:
  version "3.3.3"
  resolved "https://registry.npmjs.org/prettier/-/prettier-3.3.3.tgz"
  integrity sha512-i2tDNA0O5IrMO757lfrdQZCc2jPNDVntV0m/+4whiDfWaTKfMNgR7Qz0NAeGz/nRqF4m5/6CLzbP4/liHt12Ew==
